
Microsoft Visual Studio Solution File, Format Version 12.00
# Visual Studio 15
VisualStudioVersion = 15.0.28307.1321
MinimumVisualStudioVersion = 10.0.40219.1
Project("{FAE04EC0-301F-11D3-BF4B-00C04F79EFBC}") = "WebApplication1", "WebApplication1\WebApplication1.csproj", "{EF9C8ECC-34BB-4571-8C4F-A945404F44A6}"
EndProject
Global
	GlobalSection(SolutionConfigurationPlatforms) = preSolution
		Debug|Any CPU = Debug|Any CPU
		Release|Any CPU = Release|Any CPU
	EndGlobalSection
	GlobalSection(ProjectConfigurationPlatforms) = postSolution
		{EF9C8ECC-34BB-4571-8C4F-A945404F44A6}.Debug|Any CPU.ActiveCfg = Debug|Any CPU
		{EF9C8ECC-34BB-4571-8C4F-A945404F44A6}.Debug|Any CPU.Build.0 = Debug|Any CPU
		{EF9C8ECC-34BB-4571-8C4F-A945404F44A6}.Release|Any CPU.ActiveCfg = Release|Any CPU
		{EF9C8ECC-34BB-4571-8C4F-A945404F44A6}.Release|Any CPU.Build.0 = Release|Any CPU
	EndGlobalSection
	GlobalSection(SolutionProperties) = preSolution
		HideSolutionNode = FALSE
	EndGlobalSection
	GlobalSection(ExtensibilityGlobals) = postSolution
		SolutionGuid = {5210C865-5A26-4F92-98BB-BBEEDD00FE97}
	EndGlobalSection
EndGlobal
